
Microsoft Visual Studio Solution File, Format Version 12.00
# Visual Studio Version 17
VisualStudioVersion = 17.14.36511.14 d17.14
MinimumVisualStudioVersion = 10.0.40219.1
Project("{FAE04EC0-301F-11D3-BF4B-00C04F79EFBC}") = "Exercise Star", "Exercise Star\Exercise Star.csproj", "{12B3882E-8E5F-436B-A3B7-8A32549EEEC1}"
EndProject
Global
	GlobalSection(SolutionConfigurationPlatforms) = preSolution
		Debug|Any CPU = Debug|Any CPU
		Release|Any CPU = Release|Any CPU
	EndGlobalSection
	GlobalSection(ProjectConfigurationPlatforms) = postSolution
		{12B3882E-8E5F-436B-A3B7-8A32549EEEC1}.Debug|Any CPU.ActiveCfg = Debug|Any CPU
		{12B3882E-8E5F-436B-A3B7-8A32549EEEC1}.Debug|Any CPU.Build.0 = Debug|Any CPU
		{12B3882E-8E5F-436B-A3B7-8A32549EEEC1}.Release|Any CPU.ActiveCfg = Release|Any CPU
		{12B3882E-8E5F-436B-A3B7-8A32549EEEC1}.Release|Any CPU.Build.0 = Release|Any CPU
	EndGlobalSection
	GlobalSection(SolutionProperties) = preSolution
		HideSolutionNode = FALSE
	EndGlobalSection
	GlobalSection(ExtensibilityGlobals) = postSolution
		SolutionGuid = {FE83AEE3-849B-4D1B-A136-78836DF7B0AF}
	EndGlobalSection
EndGlobal
