
Microsoft Visual Studio Solution File, Format Version 12.00
# Visual Studio Version 17
VisualStudioVersion = 17.14.36511.14 d17.14
MinimumVisualStudioVersion = 10.0.40219.1
Project("{FAE04EC0-301F-11D3-BF4B-00C04F79EFBC}") = "Calculator", "Calculator\Calculator.csproj", "{AC99760F-F801-4896-AC36-B4E1E67375CB}"
EndProject
Global
	GlobalSection(SolutionConfigurationPlatforms) = preSolution
		Debug|Any CPU = Debug|Any CPU
		Release|Any CPU = Release|Any CPU
	EndGlobalSection
	GlobalSection(ProjectConfigurationPlatforms) = postSolution
		{AC99760F-F801-4896-AC36-B4E1E67375CB}.Debug|Any CPU.ActiveCfg = Debug|Any CPU
		{AC99760F-F801-4896-AC36-B4E1E67375CB}.Debug|Any CPU.Build.0 = Debug|Any CPU
		{AC99760F-F801-4896-AC36-B4E1E67375CB}.Release|Any CPU.ActiveCfg = Release|Any CPU
		{AC99760F-F801-4896-AC36-B4E1E67375CB}.Release|Any CPU.Build.0 = Release|Any CPU
	EndGlobalSection
	GlobalSection(SolutionProperties) = preSolution
		HideSolutionNode = FALSE
	EndGlobalSection
	GlobalSection(ExtensibilityGlobals) = postSolution
		SolutionGuid = {950332CF-BCEB-4C46-9853-12446A99BB77}
	EndGlobalSection
EndGlobal
